{
  "name": "@bu0nq/style.scss.mixins",
  "version": "0.1.0",
  "lockfileVersion": 3,
  "requires": true,
  "packages": {
    "": {
      "name": "@bu0nq/style.scss.mixins",
      "version": "0.1.0",
      "license": "MIT",
      "dependencies": {
        "@bu0nq/style.scss.mixin.media": "github:bu0nq/style.scss.mixin.media"
      }
    },
    "node_modules/@bu0nq/style.scss.mixin.media": {
      "version": "0.1.0",
      "resolved": "git+ssh://git@github.com/bu0nq/style.scss.mixin.media.git#f69e152f37ba998bea898458f3fd8b0124c2c8e6",
      "license": "MIT"
    }
  }
}
