{
  "name": "@bu0nq/style.scss.mixins",
  "version": "0.1.0",
  "lockfileVersion": 3,
  "requires": true,
  "packages": {
    "": {
      "name": "@bu0nq/style.scss.mixins",
      "version": "0.1.0",
      "license": "MIT",
      "dependencies": {
        "@bu0nq/style.scss.mixin.grid-container-inner": "github:bu0nq/style.scss.mixin.grid-container-inner",
        "@bu0nq/style.scss.mixin.grid-container-outer": "github:bu0nq/style.scss.mixin.grid-container-outer",
        "@bu0nq/style.scss.mixin.media-breakpoint": "github:bu0nq/style.scss.mixin.media-breakpoint"
      }
    },
    "node_modules/@bu0nq/style.scss.constant.breakpoint": {
      "version": "0.1.0",
      "resolved": "git+ssh://git@github.com/bu0nq/style.scss.constant.breakpoint.git#008e5ae7829294e0b4abf353922d8a35a3fe092f",
      "license": "MIT"
    },
    "node_modules/@bu0nq/style.scss.function.rem": {
      "version": "0.1.0",
      "resolved": "git+ssh://git@github.com/bu0nq/style.scss.function.rem.git#9800891e678b60dbaa69d818111a2a980147b52f",
      "license": "MIT"
    },
    "node_modules/@bu0nq/style.scss.mixin.grid-container-inner": {
      "version": "0.1.0",
      "resolved": "git+ssh://git@github.com/bu0nq/style.scss.mixin.grid-container-inner.git#1500d36d049dfdb24f0b6d19f3b4d75ecc1cd531",
      "license": "MIT"
    },
    "node_modules/@bu0nq/style.scss.mixin.grid-container-outer": {
      "version": "0.1.0",
      "resolved": "git+ssh://git@github.com/bu0nq/style.scss.mixin.grid-container-outer.git#5898c90e760aa1b99b7bac875d4669a2a57ed28d",
      "license": "MIT"
    },
    "node_modules/@bu0nq/style.scss.mixin.media-breakpoint": {
      "version": "0.1.0",
      "resolved": "git+ssh://git@github.com/bu0nq/style.scss.mixin.media-breakpoint.git#909ce5f621056a6c27edfa8537e048bb8c48c0be",
      "license": "MIT",
      "dependencies": {
        "@bu0nq/style.scss.constant.breakpoint": "github:bu0nq/style.scss.constant.breakpoint",
        "@bu0nq/style.scss.function.rem": "github:bu0nq/style.scss.function.rem"
      }
    }
  }
}
