{
  "name": "@bu0nq/style.scss.mixins",
  "version": "0.1.1",
  "lockfileVersion": 3,
  "requires": true,
  "packages": {
    "": {
      "name": "@bu0nq/style.scss.mixins",
      "version": "0.1.1",
      "license": "MIT",
      "dependencies": {
        "@bu0nq/style.scss.mixin.box": "^0.1.0",
        "@bu0nq/style.scss.mixin.clearfix": "^0.1.0",
        "@bu0nq/style.scss.mixin.grid-container-external": "^0.1.0",
        "@bu0nq/style.scss.mixin.grid-container-internal": "^0.1.0",
        "@bu0nq/style.scss.mixin.media-breakpoint": "^0.1.0"
      }
    },
    "node_modules/@bu0nq/style.scss.function.rem": {
      "version": "0.1.0",
      "resolved": "https://registry.npmjs.org/@bu0nq/style.scss.function.rem/-/style.scss.function.rem-0.1.0.tgz",
      "integrity": "sha512-ZUnv3nJ93OXE/z3JL34hfsru3YYVc3CCj2qYyOZL0P+hMRWhOo/9cmf5LgucdLu0eE0BfOBCS0BeFvxQ45ULZw==",
      "license": "MIT"
    },
    "node_modules/@bu0nq/style.scss.mixin.box": {
      "version": "0.1.0",
      "resolved": "https://registry.npmjs.org/@bu0nq/style.scss.mixin.box/-/style.scss.mixin.box-0.1.0.tgz",
      "integrity": "sha512-j0oEPzEUajUYdhWueq15o259suieVq1nDwyQ7TPPEpqiLN9fiin3Re0M8VEeZKESOvNQG7wAEEnJmEIhmsmsaw==",
      "license": "MIT"
    },
    "node_modules/@bu0nq/style.scss.mixin.clearfix": {
      "version": "0.1.0",
      "resolved": "https://registry.npmjs.org/@bu0nq/style.scss.mixin.clearfix/-/style.scss.mixin.clearfix-0.1.0.tgz",
      "integrity": "sha512-eR7022oawACOOMLOk0vP9BQ0H0uymKN9qN9RLKZY5CabDn2QvCjXHr3Ij5EaCimPe17vWxX5xNs3wgobXt4BwA==",
      "license": "MIT"
    },
    "node_modules/@bu0nq/style.scss.mixin.grid-container-external": {
      "version": "0.1.0",
      "resolved": "https://registry.npmjs.org/@bu0nq/style.scss.mixin.grid-container-external/-/style.scss.mixin.grid-container-external-0.1.0.tgz",
      "integrity": "sha512-GUpNBaDE0D/5RR0vyDT+2oFlIiRSFCCySRjh1pZ2vjBB5ztE879rsOIR2jYALh6IDpm6uEMcRdbbAreKuKVNFQ==",
      "license": "MIT"
    },
    "node_modules/@bu0nq/style.scss.mixin.grid-container-internal": {
      "version": "0.1.0",
      "resolved": "https://registry.npmjs.org/@bu0nq/style.scss.mixin.grid-container-internal/-/style.scss.mixin.grid-container-internal-0.1.0.tgz",
      "integrity": "sha512-NJg7ZVy6QbA7d2SMXSqoPCWGCjWTBoVQsGiiaWZnK0kWlmkb9KjExFEUkyPMYobj9vL1CBUfDQ/PrDXn+M35GA==",
      "license": "MIT"
    },
    "node_modules/@bu0nq/style.scss.mixin.media-breakpoint": {
      "version": "0.1.0",
      "resolved": "https://registry.npmjs.org/@bu0nq/style.scss.mixin.media-breakpoint/-/style.scss.mixin.media-breakpoint-0.1.0.tgz",
      "integrity": "sha512-8jbYpFmOLqOVI6uaYZHpgB+OKZ6P6QkPknk7Ls7/H8EbNhuEF4yCeV6yrPmeXtojc3cAbfymKTsO2OHFjonXXg==",
      "license": "MIT",
      "dependencies": {
        "@bu0nq/style.scss.function.rem": "^0.1.0"
      }
    }
  }
}
